{
    "_readme": [
        "This file locks the dependencies of your project to a known state",
        "Read more about it at https://getcomposer.org/doc/01-basic-usage.md#composer-lock-the-lock-file",
        "This file is @generated automatically"
    ],
    "hash": "5a050725cbae33e630a6d9b2098f1d6c",
    "content-hash": "97a716412a72c48981531a875efb1da8",
    "packages": [
        {
            "name": "gregboggs/b8",
            "version": "1.0.11",
            "source": {
                "type": "git",
                "url": "https://github.com/Greg-Boggs/b8.git",
                "reference": "9f641670f20e377c7172e2b0887ce811e4a8e577"
            },
            "require": {
                "php": ">=5.4.0"
            },
            "type": "library",
            "autoload": {
                "psr-4": {
                    "B8\\": "src/"
                }
            },
            "description": "PHP spam filter",
            "homepage": "https://github.com/Greg-Boggs/b8",
            "keywords": [
                "filter",
                "spam"
            ],
            "time": "2017-05-14 22:15:34"
        }
    ],
    "packages-dev": [],
    "aliases": [],
    "minimum-stability": "stable",
    "stability-flags": [],
    "prefer-stable": false,
    "prefer-lowest": false,
    "platform": {
        "php": ">=5.5.9"
    },
    "platform-dev": []
}
