{
    "_readme": [
        "This file locks the dependencies of your project to a known state",
        "Read more about it at https://getcomposer.org/doc/01-basic-usage.md#composer-lock-the-lock-file",
        "This file is @generated automatically"
    ],
    "hash": "0f66a4cd9e92f5211fe69d9359f0c08a",
    "content-hash": "de816605093b1f904fcd1bf67c9f5c88",
    "packages": [
        {
            "name": "gregboggs/b8",
            "version": "1.0.8",
            "source": {
                "type": "git",
                "url": "https://github.com/Greg-Boggs/b8.git",
                "reference": "1d88d940c64dbb1c66488055993ca02bea30afbe"
            },
            "require": {
                "php": ">=5.4.0"
            },
            "type": "library",
            "autoload": {
                "psr-4": {
                    "b8\\": "src/"
                }
            },
            "description": "PHP spam filter",
            "homepage": "https://github.com/Greg-Boggs/b8",
            "keywords": [
                "filter",
                "spam"
            ],
            "time": "2017-05-14 02:35:50"
        }
    ],
    "packages-dev": [],
    "aliases": [],
    "minimum-stability": "stable",
    "stability-flags": [],
    "prefer-stable": false,
    "prefer-lowest": false,
    "platform": {
        "php": ">=5.5.9"
    },
    "platform-dev": []
}
